// !$*UTF8*$!
{
	archiveVersion = 1;
	classes = {
	};
	objectVersion = 46;
	objects = {

/* Begin PBXBuildFile section */
		2B385E181C0A13E200461A5A /* AppDelegate.swift in Sources */ = {isa = PBXBuildFile; fileRef = 2B385E171C0A13E200461A5A /* AppDelegate.swift */; };
		2B385E1A1C0A13E200461A5A /* ViewController.swift in Sources */ = {isa = PBXBuildFile; fileRef = 2B385E191C0A13E200461A5A /* ViewController.swift */; };
		2B385E1D1C0A13E200461A5A /* Main.storyboard in Resources */ = {isa = PBXBuildFile; fileRef = 2B385E1B1C0A13E200461A5A /* Main.storyboard */; };
		2B385E1F1C0A13E200461A5A /* Assets.xcassets in Resources */ = {isa = PBXBuildFile; fileRef = 2B385E1E1C0A13E200461A5A /* Assets.xcassets */; };
		2B385E221C0A13E200461A5A /* LaunchScreen.storyboard in Resources */ = {isa = PBXBuildFile; fileRef = 2B385E201C0A13E200461A5A /* LaunchScreen.storyboard */; };
		2B385E2D1C0A13E200461A5A /* RxSwiftUIScrollViewTests.swift in Sources */ = {isa = PBXBuildFile; fileRef = 2B385E2C1C0A13E200461A5A /* RxSwiftUIScrollViewTests.swift */; };
		2B385E381C0A13E200461A5A /* RxSwiftUIScrollViewUITests.swift in Sources */ = {isa = PBXBuildFile; fileRef = 2B385E371C0A13E200461A5A /* RxSwiftUIScrollViewUITests.swift */; };
		2B385E481C0A1B4A00461A5A /* RxBlocking.framework in Frameworks */ = {isa = PBXBuildFile; fileRef = 2B385E451C0A1B4A00461A5A /* RxBlocking.framework */; };
		2B385E491C0A1B4A00461A5A /* RxBlocking.framework in Embed Frameworks */ = {isa = PBXBuildFile; fileRef = 2B385E451C0A1B4A00461A5A /* RxBlocking.framework */; settings = {ATTRIBUTES = (CodeSignOnCopy, RemoveHeadersOnCopy, ); }; };
		2B385E4A1C0A1B4A00461A5A /* RxCocoa.framework in Frameworks */ = {isa = PBXBuildFile; fileRef = 2B385E461C0A1B4A00461A5A /* RxCocoa.framework */; };
		2B385E4B1C0A1B4A00461A5A /* RxCocoa.framework in Embed Frameworks */ = {isa = PBXBuildFile; fileRef = 2B385E461C0A1B4A00461A5A /* RxCocoa.framework */; settings = {ATTRIBUTES = (CodeSignOnCopy, RemoveHeadersOnCopy, ); }; };
		2B385E4C1C0A1B4A00461A5A /* RxSwift.framework in Frameworks */ = {isa = PBXBuildFile; fileRef = 2B385E471C0A1B4A00461A5A /* RxSwift.framework */; };
		2B385E4D1C0A1B4A00461A5A /* RxSwift.framework in Embed Frameworks */ = {isa = PBXBuildFile; fileRef = 2B385E471C0A1B4A00461A5A /* RxSwift.framework */; settings = {ATTRIBUTES = (CodeSignOnCopy, RemoveHeadersOnCopy, ); }; };
/* End PBXBuildFile section */

/* Begin PBXContainerItemProxy section */
		2B385E291C0A13E200461A5A /* PBXContainerItemProxy */ = {
			isa = PBXContainerItemProxy;
			containerPortal = 2B385E0C1C0A13E200461A5A /* Project object */;
			proxyType = 1;
			remoteGlobalIDString = 2B385E131C0A13E200461A5A;
			remoteInfo = RxSwiftUIScrollView;
		};
		2B385E341C0A13E200461A5A /* PBXContainerItemProxy */ = {
			isa = PBXContainerItemProxy;
			containerPortal = 2B385E0C1C0A13E200461A5A /* Project object */;
			proxyType = 1;
			remoteGlobalIDString = 2B385E131C0A13E200461A5A;
			remoteInfo = RxSwiftUIScrollView;
		};
/* End PBXContainerItemProxy section */

/* Begin PBXCopyFilesBuildPhase section */
		2B385E4E1C0A1B4A00461A5A /* Embed Frameworks */ = {
			isa = PBXCopyFilesBuildPhase;
			buildActionMask = 2147483647;
			dstPath = "";
			dstSubfolderSpec = 10;
			files = (
				2B385E4B1C0A1B4A00461A5A /* RxCocoa.framework in Embed Frameworks */,
				2B385E491C0A1B4A00461A5A /* RxBlocking.framework in Embed Frameworks */,
				2B385E4D1C0A1B4A00461A5A /* RxSwift.framework in Embed Frameworks */,
			);
			name = "Embed Frameworks";
			runOnlyForDeploymentPostprocessing = 0;
		};
/* End PBXCopyFilesBuildPhase section */

/* Begin PBXFileReference section */
		2B385E141C0A13E200461A5A /* RxSwiftUIScrollView.app */ = {isa = PBXFileReference; explicitFileType = wrapper.application; includeInIndex = 0; path = RxSwiftUIScrollView.app; sourceTree = BUILT_PRODUCTS_DIR; };
		2B385E171C0A13E200461A5A /* AppDelegate.swift */ = {isa = PBXFileReference; lastKnownFileType = sourcecode.swift; path = AppDelegate.swift; sourceTree = "<group>"; };
		2B385E191C0A13E200461A5A /* ViewController.swift */ = {isa = PBXFileReference; lastKnownFileType = sourcecode.swift; path = ViewController.swift; sourceTree = "<group>"; };
		2B385E1C1C0A13E200461A5A /* Base */ = {isa = PBXFileReference; lastKnownFileType = file.storyboard; name = Base; path = Base.lproj/Main.storyboard; sourceTree = "<group>"; };
		2B385E1E1C0A13E200461A5A /* Assets.xcassets */ = {isa = PBXFileReference; lastKnownFileType = folder.assetcatalog; path = Assets.xcassets; sourceTree = "<group>"; };
		2B385E211C0A13E200461A5A /* Base */ = {isa = PBXFileReference; lastKnownFileType = file.storyboard; name = Base; path = Base.lproj/LaunchScreen.storyboard; sourceTree = "<group>"; };
		2B385E231C0A13E200461A5A /* Info.plist */ = {isa = PBXFileReference; lastKnownFileType = text.plist.xml; path = Info.plist; sourceTree = "<group>"; };
		2B385E281C0A13E200461A5A /* RxSwiftUIScrollViewTests.xctest */ = {isa = PBXFileReference; explicitFileType = wrapper.cfbundle; includeInIndex = 0; path = RxSwiftUIScrollViewTests.xctest; sourceTree = BUILT_PRODUCTS_DIR; };
		2B385E2C1C0A13E200461A5A /* RxSwiftUIScrollViewTests.swift */ = {isa = PBXFileReference; lastKnownFileType = sourcecode.swift; path = RxSwiftUIScrollViewTests.swift; sourceTree = "<group>"; };
		2B385E2E1C0A13E200461A5A /* Info.plist */ = {isa = PBXFileReference; lastKnownFileType = text.plist.xml; path = Info.plist; sourceTree = "<group>"; };
		2B385E331C0A13E200461A5A /* RxSwiftUIScrollViewUITests.xctest */ = {isa = PBXFileReference; explicitFileType = wrapper.cfbundle; includeInIndex = 0; path = RxSwiftUIScrollViewUITests.xctest; sourceTree = BUILT_PRODUCTS_DIR; };
		2B385E371C0A13E200461A5A /* RxSwiftUIScrollViewUITests.swift */ = {isa = PBXFileReference; lastKnownFileType = sourcecode.swift; path = RxSwiftUIScrollViewUITests.swift; sourceTree = "<group>"; };
		2B385E391C0A13E200461A5A /* Info.plist */ = {isa = PBXFileReference; lastKnownFileType = text.plist.xml; path = Info.plist; sourceTree = "<group>"; };
		2B385E451C0A1B4A00461A5A /* RxBlocking.framework */ = {isa = PBXFileReference; lastKnownFileType = wrapper.framework; name = RxBlocking.framework; path = Carthage/Build/iOS/RxBlocking.framework; sourceTree = "<group>"; };
		2B385E461C0A1B4A00461A5A /* RxCocoa.framework */ = {isa = PBXFileReference; lastKnownFileType = wrapper.framework; name = RxCocoa.framework; path = Carthage/Build/iOS/RxCocoa.framework; sourceTree = "<group>"; };
		2B385E471C0A1B4A00461A5A /* RxSwift.framework */ = {isa = PBXFileReference; lastKnownFileType = wrapper.framework; name = RxSwift.framework; path = Carthage/Build/iOS/RxSwift.framework; sourceTree = "<group>"; };
/* End PBXFileReference section */

/* Begin PBXFrameworksBuildPhase section */
		2B385E111C0A13E200461A5A /* Frameworks */ = {
			isa = PBXFrameworksBuildPhase;
			buildActionMask = 2147483647;
			files = (
				2B385E4A1C0A1B4A00461A5A /* RxCocoa.framework in Frameworks */,
				2B385E481C0A1B4A00461A5A /* RxBlocking.framework in Frameworks */,
				2B385E4C1C0A1B4A00461A5A /* RxSwift.framework in Frameworks */,
			);
			runOnlyForDeploymentPostprocessing = 0;
		};
		2B385E251C0A13E200461A5A /* Frameworks */ = {
			isa = PBXFrameworksBuildPhase;
			buildActionMask = 2147483647;
			files = (
			);
			runOnlyForDeploymentPostprocessing = 0;
		};
		2B385E301C0A13E200461A5A /* Frameworks */ = {
			isa = PBXFrameworksBuildPhase;
			buildActionMask = 2147483647;
			files = (
			);
			runOnlyForDeploymentPostprocessing = 0;
		};
/* End PBXFrameworksBuildPhase section */

/* Begin PBXGroup section */
		2B385E0B1C0A13E200461A5A = {
			isa = PBXGroup;
			children = (
				2B385E451C0A1B4A00461A5A /* RxBlocking.framework */,
				2B385E461C0A1B4A00461A5A /* RxCocoa.framework */,
				2B385E471C0A1B4A00461A5A /* RxSwift.framework */,
				2B385E161C0A13E200461A5A /* RxSwiftUIScrollView */,
				2B385E2B1C0A13E200461A5A /* RxSwiftUIScrollViewTests */,
				2B385E361C0A13E200461A5A /* RxSwiftUIScrollViewUITests */,
				2B385E151C0A13E200461A5A /* Products */,
			);
			sourceTree = "<group>";
		};
		2B385E151C0A13E200461A5A /* Products */ = {
			isa = PBXGroup;
			children = (
				2B385E141C0A13E200461A5A /* RxSwiftUIScrollView.app */,
				2B385E281C0A13E200461A5A /* RxSwiftUIScrollViewTests.xctest */,
				2B385E331C0A13E200461A5A /* RxSwiftUIScrollViewUITests.xctest */,
			);
			name = Products;
			sourceTree = "<group>";
		};
		2B385E161C0A13E200461A5A /* RxSwiftUIScrollView */ = {
			isa = PBXGroup;
			children = (
				2B385E171C0A13E200461A5A /* AppDelegate.swift */,
				2B385E191C0A13E200461A5A /* ViewController.swift */,
				2B385E1B1C0A13E200461A5A /* Main.storyboard */,
				2B385E1E1C0A13E200461A5A /* Assets.xcassets */,
				2B385E201C0A13E200461A5A /* LaunchScreen.storyboard */,
				2B385E231C0A13E200461A5A /* Info.plist */,
			);
			path = RxSwiftUIScrollView;
			sourceTree = "<group>";
		};
		2B385E2B1C0A13E200461A5A /* RxSwiftUIScrollViewTests */ = {
			isa = PBXGroup;
			children = (
				2B385E2C1C0A13E200461A5A /* RxSwiftUIScrollViewTests.swift */,
				2B385E2E1C0A13E200461A5A /* Info.plist */,
			);
			path = RxSwiftUIScrollViewTests;
			sourceTree = "<group>";
		};
		2B385E361C0A13E200461A5A /* RxSwiftUIScrollViewUITests */ = {
			isa = PBXGroup;
			children = (
				2B385E371C0A13E200461A5A /* RxSwiftUIScrollViewUITests.swift */,
				2B385E391C0A13E200461A5A /* Info.plist */,
			);
			path = RxSwiftUIScrollViewUITests;
			sourceTree = "<group>";
		};
/* End PBXGroup section */

/* Begin PBXNativeTarget section */
		2B385E131C0A13E200461A5A /* RxSwiftUIScrollView */ = {
			isa = PBXNativeTarget;
			buildConfigurationList = 2B385E3C1C0A13E200461A5A /* Build configuration list for PBXNativeTarget "RxSwiftUIScrollView" */;
			buildPhases = (
				2B385E101C0A13E200461A5A /* Sources */,
				2B385E111C0A13E200461A5A /* Frameworks */,
				2B385E121C0A13E200461A5A /* Resources */,
				2B385E4E1C0A1B4A00461A5A /* Embed Frameworks */,
			);
			buildRules = (
			);
			dependencies = (
			);
			name = RxSwiftUIScrollView;
			productName = RxSwiftUIScrollView;
			productReference = 2B385E141C0A13E200461A5A /* RxSwiftUIScrollView.app */;
			productType = "com.apple.product-type.application";
		};
		2B385E271C0A13E200461A5A /* RxSwiftUIScrollViewTests */ = {
			isa = PBXNativeTarget;
			buildConfigurationList = 2B385E3F1C0A13E200461A5A /* Build configuration list for PBXNativeTarget "RxSwiftUIScrollViewTests" */;
			buildPhases = (
				2B385E241C0A13E200461A5A /* Sources */,
				2B385E251C0A13E200461A5A /* Frameworks */,
				2B385E261C0A13E200461A5A /* Resources */,
			);
			buildRules = (
			);
			dependencies = (
				2B385E2A1C0A13E200461A5A /* PBXTargetDependency */,
			);
			name = RxSwiftUIScrollViewTests;
			productName = RxSwiftUIScrollViewTests;
			productReference = 2B385E281C0A13E200461A5A /* RxSwiftUIScrollViewTests.xctest */;
			productType = "com.apple.product-type.bundle.unit-test";
		};
		2B385E321C0A13E200461A5A /* RxSwiftUIScrollViewUITests */ = {
			isa = PBXNativeTarget;
			buildConfigurationList = 2B385E421C0A13E200461A5A /* Build configuration list for PBXNativeTarget "RxSwiftUIScrollViewUITests" */;
			buildPhases = (
				2B385E2F1C0A13E200461A5A /* Sources */,
				2B385E301C0A13E200461A5A /* Frameworks */,
				2B385E311C0A13E200461A5A /* Resources */,
			);
			buildRules = (
			);
			dependencies = (
				2B385E351C0A13E200461A5A /* PBXTargetDependency */,
			);
			name = RxSwiftUIScrollViewUITests;
			productName = RxSwiftUIScrollViewUITests;
			productReference = 2B385E331C0A13E200461A5A /* RxSwiftUIScrollViewUITests.xctest */;
			productType = "com.apple.product-type.bundle.ui-testing";
		};
/* End PBXNativeTarget section */

/* Begin PBXProject section */
		2B385E0C1C0A13E200461A5A /* Project object */ = {
			isa = PBXProject;
			attributes = {
				LastSwiftUpdateCheck = 0710;
				LastUpgradeCheck = 0710;
				ORGANIZATIONNAME = "Pepas Labs";
				TargetAttributes = {
					2B385E131C0A13E200461A5A = {
						CreatedOnToolsVersion = 7.1.1;
					};
					2B385E271C0A13E200461A5A = {
						CreatedOnToolsVersion = 7.1.1;
						TestTargetID = 2B385E131C0A13E200461A5A;
					};
					2B385E321C0A13E200461A5A = {
						CreatedOnToolsVersion = 7.1.1;
						TestTargetID = 2B385E131C0A13E200461A5A;
					};
				};
			};
			buildConfigurationList = 2B385E0F1C0A13E200461A5A /* Build configuration list for PBXProject "RxSwiftUIScrollView" */;
			compatibilityVersion = "Xcode 3.2";
			developmentRegion = English;
			hasScannedForEncodings = 0;
			knownRegions = (
				en,
				Base,
			);
			mainGroup = 2B385E0B1C0A13E200461A5A;
			productRefGroup = 2B385E151C0A13E200461A5A /* Products */;
			projectDirPath = "";
			projectRoot = "";
			targets = (
				2B385E131C0A13E200461A5A /* RxSwiftUIScrollView */,
				2B385E271C0A13E200461A5A /* RxSwiftUIScrollViewTests */,
				2B385E321C0A13E200461A5A /* RxSwiftUIScrollViewUITests */,
			);
		};
/* End PBXProject section */

/* Begin PBXResourcesBuildPhase section */
		2B385E121C0A13E200461A5A /* Resources */ = {
			isa = PBXResourcesBuildPhase;
			buildActionMask = 2147483647;
			files = (
				2B385E221C0A13E200461A5A /* LaunchScreen.storyboard in Resources */,
				2B385E1F1C0A13E200461A5A /* Assets.xcassets in Resources */,
				2B385E1D1C0A13E200461A5A /* Main.storyboard in Resources */,
			);
			runOnlyForDeploymentPostprocessing = 0;
		};
		2B385E261C0A13E200461A5A /* Resources */ = {
			isa = PBXResourcesBuildPhase;
			buildActionMask = 2147483647;
			files = (
			);
			runOnlyForDeploymentPostprocessing = 0;
		};
		2B385E311C0A13E200461A5A /* Resources */ = {
			isa = PBXResourcesBuildPhase;
			buildActionMask = 2147483647;
			files = (
			);
			runOnlyForDeploymentPostprocessing = 0;
		};
/* End PBXResourcesBuildPhase section */

/* Begin PBXSourcesBuildPhase section */
		2B385E101C0A13E200461A5A /* Sources */ = {
			isa = PBXSourcesBuildPhase;
			buildActionMask = 2147483647;
			files = (
				2B385E1A1C0A13E200461A5A /* ViewController.swift in Sources */,
				2B385E181C0A13E200461A5A /* AppDelegate.swift in Sources */,
			);
			runOnlyForDeploymentPostprocessing = 0;
		};
		2B385E241C0A13E200461A5A /* Sources */ = {
			isa = PBXSourcesBuildPhase;
			buildActionMask = 2147483647;
			files = (
				2B385E2D1C0A13E200461A5A /* RxSwiftUIScrollViewTests.swift in Sources */,
			);
			runOnlyForDeploymentPostprocessing = 0;
		};
		2B385E2F1C0A13E200461A5A /* Sources */ = {
			isa = PBXSourcesBuildPhase;
			buildActionMask = 2147483647;
			files = (
				2B385E381C0A13E200461A5A /* RxSwiftUIScrollViewUITests.swift in Sources */,
			);
			runOnlyForDeploymentPostprocessing = 0;
		};
/* End PBXSourcesBuildPhase section */

/* Begin PBXTargetDependency section */
		2B385E2A1C0A13E200461A5A /* PBXTargetDependency */ = {
			isa = PBXTargetDependency;
			target = 2B385E131C0A13E200461A5A /* RxSwiftUIScrollView */;
			targetProxy = 2B385E291C0A13E200461A5A /* PBXContainerItemProxy */;
		};
		2B385E351C0A13E200461A5A /* PBXTargetDependency */ = {
			isa = PBXTargetDependency;
			target = 2B385E131C0A13E200461A5A /* RxSwiftUIScrollView */;
			targetProxy = 2B385E341C0A13E200461A5A /* PBXContainerItemProxy */;
		};
/* End PBXTargetDependency section */

/* Begin PBXVariantGroup section */
		2B385E1B1C0A13E200461A5A /* Main.storyboard */ = {
			isa = PBXVariantGroup;
			children = (
				2B385E1C1C0A13E200461A5A /* Base */,
			);
			name = Main.storyboard;
			sourceTree = "<group>";
		};
		2B385E201C0A13E200461A5A /* LaunchScreen.storyboard */ = {
			isa = PBXVariantGroup;
			children = (
				2B385E211C0A13E200461A5A /* Base */,
			);
			name = LaunchScreen.storyboard;
			sourceTree = "<group>";
		};
/* End PBXVariantGroup section */

/* Begin XCBuildConfiguration section */
		2B385E3A1C0A13E200461A5A /* Debug */ = {
			isa = XCBuildConfiguration;
			buildSettings = {
				ALWAYS_SEARCH_USER_PATHS = NO;
				CLANG_CXX_LANGUAGE_STANDARD = "gnu++0x";
				CLANG_CXX_LIBRARY = "libc++";
				CLANG_ENABLE_MODULES = YES;
				CLANG_ENABLE_OBJC_ARC = YES;
				CLANG_WARN_BOOL_CONVERSION = YES;
				CLANG_WARN_CONSTANT_CONVERSION = YES;
				CLANG_WARN_DIRECT_OBJC_ISA_USAGE = YES_ERROR;
				CLANG_WARN_EMPTY_BODY = YES;
				CLANG_WARN_ENUM_CONVERSION = YES;
				CLANG_WARN_INT_CONVERSION = YES;
				CLANG_WARN_OBJC_ROOT_CLASS = YES_ERROR;
				CLANG_WARN_UNREACHABLE_CODE = YES;
				CLANG_WARN__DUPLICATE_METHOD_MATCH = YES;
				"CODE_SIGN_IDENTITY[sdk=iphoneos*]" = "iPhone Developer";
				COPY_PHASE_STRIP = NO;
				DEBUG_INFORMATION_FORMAT = dwarf;
				ENABLE_STRICT_OBJC_MSGSEND = YES;
				ENABLE_TESTABILITY = YES;
				GCC_C_LANGUAGE_STANDARD = gnu99;
				GCC_DYNAMIC_NO_PIC = NO;
				GCC_NO_COMMON_BLOCKS = YES;
				GCC_OPTIMIZATION_LEVEL = 0;
				GCC_PREPROCESSOR_DEFINITIONS = (
					"DEBUG=1",
					"$(inherited)",
				);
				GCC_WARN_64_TO_32_BIT_CONVERSION = YES;
				GCC_WARN_ABOUT_RETURN_TYPE = YES_ERROR;
				GCC_WARN_UNDECLARED_SELECTOR = YES;
				GCC_WARN_UNINITIALIZED_AUTOS = YES_AGGRESSIVE;
				GCC_WARN_UNUSED_FUNCTION = YES;
				GCC_WARN_UNUSED_VARIABLE = YES;
				IPHONEOS_DEPLOYMENT_TARGET = 9.1;
				MTL_ENABLE_DEBUG_INFO = YES;
				ONLY_ACTIVE_ARCH = YES;
				SDKROOT = iphoneos;
				SWIFT_OPTIMIZATION_LEVEL = "-Onone";
				TARGETED_DEVICE_FAMILY = "1,2";
			};
			name = Debug;
		};
		2B385E3B1C0A13E200461A5A /* Release */ = {
			isa = XCBuildConfiguration;
			buildSettings = {
				ALWAYS_SEARCH_USER_PATHS = NO;
				CLANG_CXX_LANGUAGE_STANDARD = "gnu++0x";
				CLANG_CXX_LIBRARY = "libc++";
				CLANG_ENABLE_MODULES = YES;
				CLANG_ENABLE_OBJC_ARC = YES;
				CLANG_WARN_BOOL_CONVERSION = YES;
				CLANG_WARN_CONSTANT_CONVERSION = YES;
				CLANG_WARN_DIRECT_OBJC_ISA_USAGE = YES_ERROR;
				CLANG_WARN_EMPTY_BODY = YES;
				CLANG_WARN_ENUM_CONVERSION = YES;
				CLANG_WARN_INT_CONVERSION = YES;
				CLANG_WARN_OBJC_ROOT_CLASS = YES_ERROR;
				CLANG_WARN_UNREACHABLE_CODE = YES;
				CLANG_WARN__DUPLICATE_METHOD_MATCH = YES;
				"CODE_SIGN_IDENTITY[sdk=iphoneos*]" = "iPhone Developer";
				COPY_PHASE_STRIP = NO;
				DEBUG_INFORMATION_FORMAT = "dwarf-with-dsym";
				ENABLE_NS_ASSERTIONS = NO;
				ENABLE_STRICT_OBJC_MSGSEND = YES;
				GCC_C_LANGUAGE_STANDARD = gnu99;
				GCC_NO_COMMON_BLOCKS = YES;
				GCC_WARN_64_TO_32_BIT_CONVERSION = YES;
				GCC_WARN_ABOUT_RETURN_TYPE = YES_ERROR;
				GCC_WARN_UNDECLARED_SELECTOR = YES;
				GCC_WARN_UNINITIALIZED_AUTOS = YES_AGGRESSIVE;
				GCC_WARN_UNUSED_FUNCTION = YES;
				GCC_WARN_UNUSED_VARIABLE = YES;
				IPHONEOS_DEPLOYMENT_TARGET = 9.1;
				MTL_ENABLE_DEBUG_INFO = NO;
				SDKROOT = iphoneos;
				TARGETED_DEVICE_FAMILY = "1,2";
				VALIDATE_PRODUCT = YES;
			};
			name = Release;
		};
		2B385E3D1C0A13E200461A5A /* Debug */ = {
			isa = XCBuildConfiguration;
			buildSettings = {
				ASSETCATALOG_COMPILER_APPICON_NAME = AppIcon;
				FRAMEWORK_SEARCH_PATHS = (
					"$(inherited)",
					"$(PROJECT_DIR)/Carthage/Build/iOS",
				);
				INFOPLIST_FILE = RxSwiftUIScrollView/Info.plist;
				LD_RUNPATH_SEARCH_PATHS = "$(inherited) @executable_path/Frameworks";
				PRODUCT_BUNDLE_IDENTIFIER = com.pepaslabs.RxSwiftUIScrollView;
				PRODUCT_NAME = "$(TARGET_NAME)";
			};
			name = Debug;
		};
		2B385E3E1C0A13E200461A5A /* Release */ = {
			isa = XCBuildConfiguration;
			buildSettings = {
				ASSETCATALOG_COMPILER_APPICON_NAME = AppIcon;
				FRAMEWORK_SEARCH_PATHS = (
					"$(inherited)",
					"$(PROJECT_DIR)/Carthage/Build/iOS",
				);
				INFOPLIST_FILE = RxSwiftUIScrollView/Info.plist;
				LD_RUNPATH_SEARCH_PATHS = "$(inherited) @executable_path/Frameworks";
				PRODUCT_BUNDLE_IDENTIFIER = com.pepaslabs.RxSwiftUIScrollView;
				PRODUCT_NAME = "$(TARGET_NAME)";
			};
			name = Release;
		};
		2B385E401C0A13E200461A5A /* Debug */ = {
			isa = XCBuildConfiguration;
			buildSettings = {
				BUNDLE_LOADER = "$(TEST_HOST)";
				INFOPLIST_FILE = RxSwiftUIScrollViewTests/Info.plist;
				LD_RUNPATH_SEARCH_PATHS = "$(inherited) @executable_path/Frameworks @loader_path/Frameworks";
				PRODUCT_BUNDLE_IDENTIFIER = com.pepaslabs.RxSwiftUIScrollViewTests;
				PRODUCT_NAME = "$(TARGET_NAME)";
				TEST_HOST = "$(BUILT_PRODUCTS_DIR)/RxSwiftUIScrollView.app/RxSwiftUIScrollView";
			};
			name = Debug;
		};
		2B385E411C0A13E200461A5A /* Release */ = {
			isa = XCBuildConfiguration;
			buildSettings = {
				BUNDLE_LOADER = "$(TEST_HOST)";
				INFOPLIST_FILE = RxSwiftUIScrollViewTests/Info.plist;
				LD_RUNPATH_SEARCH_PATHS = "$(inherited) @executable_path/Frameworks @loader_path/Frameworks";
				PRODUCT_BUNDLE_IDENTIFIER = com.pepaslabs.RxSwiftUIScrollViewTests;
				PRODUCT_NAME = "$(TARGET_NAME)";
				TEST_HOST = "$(BUILT_PRODUCTS_DIR)/RxSwiftUIScrollView.app/RxSwiftUIScrollView";
			};
			name = Release;
		};
		2B385E431C0A13E200461A5A /* Debug */ = {
			isa = XCBuildConfiguration;
			buildSettings = {
				INFOPLIST_FILE = RxSwiftUIScrollViewUITests/Info.plist;
				LD_RUNPATH_SEARCH_PATHS = "$(inherited) @executable_path/Frameworks @loader_path/Frameworks";
				PRODUCT_BUNDLE_IDENTIFIER = com.pepaslabs.RxSwiftUIScrollViewUITests;
				PRODUCT_NAME = "$(TARGET_NAME)";
				TEST_TARGET_NAME = RxSwiftUIScrollView;
				USES_XCTRUNNER = YES;
			};
			name = Debug;
		};
		2B385E441C0A13E200461A5A /* Release */ = {
			isa = XCBuildConfiguration;
			buildSettings = {
				INFOPLIST_FILE = RxSwiftUIScrollViewUITests/Info.plist;
				LD_RUNPATH_SEARCH_PATHS = "$(inherited) @executable_path/Frameworks @loader_path/Frameworks";
				PRODUCT_BUNDLE_IDENTIFIER = com.pepaslabs.RxSwiftUIScrollViewUITests;
				PRODUCT_NAME = "$(TARGET_NAME)";
				TEST_TARGET_NAME = RxSwiftUIScrollView;
				USES_XCTRUNNER = YES;
			};
			name = Release;
		};
/* End XCBuildConfiguration section */

/* Begin XCConfigurationList section */
		2B385E0F1C0A13E200461A5A /* Build configuration list for PBXProject "RxSwiftUIScrollView" */ = {
			isa = XCConfigurationList;
			buildConfigurations = (
				2B385E3A1C0A13E200461A5A /* Debug */,
				2B385E3B1C0A13E200461A5A /* Release */,
			);
			defaultConfigurationIsVisible = 0;
			defaultConfigurationName = Release;
		};
		2B385E3C1C0A13E200461A5A /* Build configuration list for PBXNativeTarget "RxSwiftUIScrollView" */ = {
			isa = XCConfigurationList;
			buildConfigurations = (
				2B385E3D1C0A13E200461A5A /* Debug */,
				2B385E3E1C0A13E200461A5A /* Release */,
			);
			defaultConfigurationIsVisible = 0;
			defaultConfigurationName = Release;
		};
		2B385E3F1C0A13E200461A5A /* Build configuration list for PBXNativeTarget "RxSwiftUIScrollViewTests" */ = {
			isa = XCConfigurationList;
			buildConfigurations = (
				2B385E401C0A13E200461A5A /* Debug */,
				2B385E411C0A13E200461A5A /* Release */,
			);
			defaultConfigurationIsVisible = 0;
			defaultConfigurationName = Release;
		};
		2B385E421C0A13E200461A5A /* Build configuration list for PBXNativeTarget "RxSwiftUIScrollViewUITests" */ = {
			isa = XCConfigurationList;
			buildConfigurations = (
				2B385E431C0A13E200461A5A /* Debug */,
				2B385E441C0A13E200461A5A /* Release */,
			);
			defaultConfigurationIsVisible = 0;
			defaultConfigurationName = Release;
		};
/* End XCConfigurationList section */
	};
	rootObject = 2B385E0C1C0A13E200461A5A /* Project object */;
}
